Microsoft Visual Studio Solution File, Format Version 12.00
# Visual Studio Version 17
VisualStudioVersion = 17.1.32210.238
MinimumVisualStudioVersion = 10.0.40219.1
Project("{8BC9CEB8-8B4A-11D0-8D11-00A0C91BC942}") = "OSILabs_4_sem", "OSILAbs_4_sem\OSILabs_4_sem.vcxproj", "{3464FCAD-518D-4969-97FD-8446F6C16D03}"
EndProject
Project("{8BC9CEB8-8B4A-11D0-8D11-00A0C91BC942}") = "OSILabs_4_sem_2", "OSILabs_4_sem_2\OSILabs_4_sem_2.vcxproj", "{E9B2C4CF-68EF-4638-B2B7-80B1653A0F8A}"
EndProject
Project("{8BC9CEB8-8B4A-11D0-8D11-00A0C91BC942}") = "OSILabs_4_sem_1_2", "OSILabs_4_sem_1_2\OSILabs_4_sem_1_2.vcxproj", "{6BF43CD0-421D-4753-91BE-74C3FBD4F1D9}"
EndProject
Project("{8BC9CEB8-8B4A-11D0-8D11-00A0C91BC942}") = "OSILabs_4_sem_2_2", "OSILabs_4_sem_2_2\OSILabs_4_sem_2_2.vcxproj", "{847F0E37-6C74-4E17-85C6-A02B69CFA90C}"
EndProject
Project("{8BC9CEB8-8B4A-11D0-8D11-00A0C91BC942}") = "OSILabs_4_sem_1_3", "OSILabs_4_sem_1_3\OSILabs_4_sem_1_3.vcxproj", "{C28A9019-4014-43EA-AA9F-AE6B45469D8E}"
EndProject
Project("{8BC9CEB8-8B4A-11D0-8D11-00A0C91BC942}") = "OSILabs_4_sem_2_3", "OSILabs_4_sem_2_3\OSILabs_4_sem_2_3.vcxproj", "{E578DA38-F662-4893-AA12-2EC7F141E35C}"
EndProject
Project("{8BC9CEB8-8B4A-11D0-8D11-00A0C91BC942}") = "OSILabs_4_sem_3_3", "OSILabs_4_sem_3_3\OSILabs_4_sem_3_3.vcxproj", "{F7746D1D-1D81-438C-88EF-572CD87A6207}"
EndProject
Project("{8BC9CEB8-8B4A-11D0-8D11-00A0C91BC942}") = "OSILabs_4_sem_4_3", "OSILabs_4_sem_4_3\OSILabs_4_sem_4_3.vcxproj", "{4AE9B880-B84B-47DD-8F5E-0731E3467ED8}"
EndProject
Global
	GlobalSection(SolutionConfigurationPlatforms) = preSolution
		Debug|ARM = Debug|ARM
		Debug|ARM64 = Debug|ARM64
		Debug|x64 = Debug|x64
		Debug|x86 = Debug|x86
		Release|ARM = Release|ARM
		Release|ARM64 = Release|ARM64
		Release|x64 = Release|x64
		Release|x86 = Release|x86
	EndGlobalSection
	GlobalSection(ProjectConfigurationPlatforms) = postSolution
		{3464FCAD-518D-4969-97FD-8446F6C16D03}.Debug|ARM.ActiveCfg = Debug|ARM
		{3464FCAD-518D-4969-97FD-8446F6C16D03}.Debug|ARM.Build.0 = Debug|ARM
		{3464FCAD-518D-4969-97FD-8446F6C16D03}.Debug|ARM.Deploy.0 = Debug|ARM
		{3464FCAD-518D-4969-97FD-8446F6C16D03}.Debug|ARM64.ActiveCfg = Debug|ARM64
		{3464FCAD-518D-4969-97FD-8446F6C16D03}.Debug|ARM64.Build.0 = Debug|ARM64
		{3464FCAD-518D-4969-97FD-8446F6C16D03}.Debug|ARM64.Deploy.0 = Debug|ARM64
		{3464FCAD-518D-4969-97FD-8446F6C16D03}.Debug|x64.ActiveCfg = Debug|x64
		{3464FCAD-518D-4969-97FD-8446F6C16D03}.Debug|x64.Build.0 = Debug|x64
		{3464FCAD-518D-4969-97FD-8446F6C16D03}.Debug|x64.Deploy.0 = Debug|x64
		{3464FCAD-518D-4969-97FD-8446F6C16D03}.Debug|x86.ActiveCfg = Debug|x86
		{3464FCAD-518D-4969-97FD-8446F6C16D03}.Debug|x86.Build.0 = Debug|x86
		{3464FCAD-518D-4969-97FD-8446F6C16D03}.Debug|x86.Deploy.0 = Debug|x86
		{3464FCAD-518D-4969-97FD-8446F6C16D03}.Release|ARM.ActiveCfg = Release|ARM
		{3464FCAD-518D-4969-97FD-8446F6C16D03}.Release|ARM.Build.0 = Release|ARM
		{3464FCAD-518D-4969-97FD-8446F6C16D03}.Release|ARM.Deploy.0 = Release|ARM
		{3464FCAD-518D-4969-97FD-8446F6C16D03}.Release|ARM64.ActiveCfg = Release|ARM64
		{3464FCAD-518D-4969-97FD-8446F6C16D03}.Release|ARM64.Build.0 = Release|ARM64
		{3464FCAD-518D-4969-97FD-8446F6C16D03}.Release|ARM64.Deploy.0 = Release|ARM64
		{3464FCAD-518D-4969-97FD-8446F6C16D03}.Release|x64.ActiveCfg = Release|x64
		{3464FCAD-518D-4969-97FD-8446F6C16D03}.Release|x64.Build.0 = Release|x64
		{3464FCAD-518D-4969-97FD-8446F6C16D03}.Release|x64.Deploy.0 = Release|x64
		{3464FCAD-518D-4969-97FD-8446F6C16D03}.Release|x86.ActiveCfg = Release|x86
		{3464FCAD-518D-4969-97FD-8446F6C16D03}.Release|x86.Build.0 = Release|x86
		{3464FCAD-518D-4969-97FD-8446F6C16D03}.Release|x86.Deploy.0 = Release|x86
		{E9B2C4CF-68EF-4638-B2B7-80B1653A0F8A}.Debug|ARM.ActiveCfg = Debug|ARM
		{E9B2C4CF-68EF-4638-B2B7-80B1653A0F8A}.Debug|ARM.Build.0 = Debug|ARM
		{E9B2C4CF-68EF-4638-B2B7-80B1653A0F8A}.Debug|ARM.Deploy.0 = Debug|ARM
		{E9B2C4CF-68EF-4638-B2B7-80B1653A0F8A}.Debug|ARM64.ActiveCfg = Debug|ARM64
		{E9B2C4CF-68EF-4638-B2B7-80B1653A0F8A}.Debug|ARM64.Build.0 = Debug|ARM64
		{E9B2C4CF-68EF-4638-B2B7-80B1653A0F8A}.Debug|ARM64.Deploy.0 = Debug|ARM64
		{E9B2C4CF-68EF-4638-B2B7-80B1653A0F8A}.Debug|x64.ActiveCfg = Debug|x64
		{E9B2C4CF-68EF-4638-B2B7-80B1653A0F8A}.Debug|x64.Build.0 = Debug|x64
		{E9B2C4CF-68EF-4638-B2B7-80B1653A0F8A}.Debug|x64.Deploy.0 = Debug|x64
		{E9B2C4CF-68EF-4638-B2B7-80B1653A0F8A}.Debug|x86.ActiveCfg = Debug|x86
		{E9B2C4CF-68EF-4638-B2B7-80B1653A0F8A}.Debug|x86.Build.0 = Debug|x86
		{E9B2C4CF-68EF-4638-B2B7-80B1653A0F8A}.Debug|x86.Deploy.0 = Debug|x86
		{E9B2C4CF-68EF-4638-B2B7-80B1653A0F8A}.Release|ARM.ActiveCfg = Release|ARM
		{E9B2C4CF-68EF-4638-B2B7-80B1653A0F8A}.Release|ARM.Build.0 = Release|ARM
		{E9B2C4CF-68EF-4638-B2B7-80B1653A0F8A}.Release|ARM.Deploy.0 = Release|ARM
		{E9B2C4CF-68EF-4638-B2B7-80B1653A0F8A}.Release|ARM64.ActiveCfg = Release|ARM64
		{E9B2C4CF-68EF-4638-B2B7-80B1653A0F8A}.Release|ARM64.Build.0 = Release|ARM64
		{E9B2C4CF-68EF-4638-B2B7-80B1653A0F8A}.Release|ARM64.Deploy.0 = Release|ARM64
		{E9B2C4CF-68EF-4638-B2B7-80B1653A0F8A}.Release|x64.ActiveCfg = Release|x64
		{E9B2C4CF-68EF-4638-B2B7-80B1653A0F8A}.Release|x64.Build.0 = Release|x64
		{E9B2C4CF-68EF-4638-B2B7-80B1653A0F8A}.Release|x64.Deploy.0 = Release|x64
		{E9B2C4CF-68EF-4638-B2B7-80B1653A0F8A}.Release|x86.ActiveCfg = Release|x86
		{E9B2C4CF-68EF-4638-B2B7-80B1653A0F8A}.Release|x86.Build.0 = Release|x86
		{E9B2C4CF-68EF-4638-B2B7-80B1653A0F8A}.Release|x86.Deploy.0 = Release|x86
		{6BF43CD0-421D-4753-91BE-74C3FBD4F1D9}.Debug|ARM.ActiveCfg = Debug|ARM
		{6BF43CD0-421D-4753-91BE-74C3FBD4F1D9}.Debug|ARM.Build.0 = Debug|ARM
		{6BF43CD0-421D-4753-91BE-74C3FBD4F1D9}.Debug|ARM.Deploy.0 = Debug|ARM
		{6BF43CD0-421D-4753-91BE-74C3FBD4F1D9}.Debug|ARM64.ActiveCfg = Debug|ARM64
		{6BF43CD0-421D-4753-91BE-74C3FBD4F1D9}.Debug|ARM64.Build.0 = Debug|ARM64
		{6BF43CD0-421D-4753-91BE-74C3FBD4F1D9}.Debug|ARM64.Deploy.0 = Debug|ARM64
		{6BF43CD0-421D-4753-91BE-74C3FBD4F1D9}.Debug|x64.ActiveCfg = Debug|x64
		{6BF43CD0-421D-4753-91BE-74C3FBD4F1D9}.Debug|x64.Build.0 = Debug|x64
		{6BF43CD0-421D-4753-91BE-74C3FBD4F1D9}.Debug|x64.Deploy.0 = Debug|x64
		{6BF43CD0-421D-4753-91BE-74C3FBD4F1D9}.Debug|x86.ActiveCfg = Debug|x86
		{6BF43CD0-421D-4753-91BE-74C3FBD4F1D9}.Debug|x86.Build.0 = Debug|x86
		{6BF43CD0-421D-4753-91BE-74C3FBD4F1D9}.Debug|x86.Deploy.0 = Debug|x86
		{6BF43CD0-421D-4753-91BE-74C3FBD4F1D9}.Release|ARM.ActiveCfg = Release|ARM
		{6BF43CD0-421D-4753-91BE-74C3FBD4F1D9}.Release|ARM.Build.0 = Release|ARM
		{6BF43CD0-421D-4753-91BE-74C3FBD4F1D9}.Release|ARM.Deploy.0 = Release|ARM
		{6BF43CD0-421D-4753-91BE-74C3FBD4F1D9}.Release|ARM64.ActiveCfg = Release|ARM64
		{6BF43CD0-421D-4753-91BE-74C3FBD4F1D9}.Release|ARM64.Build.0 = Release|ARM64
		{6BF43CD0-421D-4753-91BE-74C3FBD4F1D9}.Release|ARM64.Deploy.0 = Release|ARM64
		{6BF43CD0-421D-4753-91BE-74C3FBD4F1D9}.Release|x64.ActiveCfg = Release|x64
		{6BF43CD0-421D-4753-91BE-74C3FBD4F1D9}.Release|x64.Build.0 = Release|x64
		{6BF43CD0-421D-4753-91BE-74C3FBD4F1D9}.Release|x64.Deploy.0 = Release|x64
		{6BF43CD0-421D-4753-91BE-74C3FBD4F1D9}.Release|x86.ActiveCfg = Release|x86
		{6BF43CD0-421D-4753-91BE-74C3FBD4F1D9}.Release|x86.Build.0 = Release|x86
		{6BF43CD0-421D-4753-91BE-74C3FBD4F1D9}.Release|x86.Deploy.0 = Release|x86
		{847F0E37-6C74-4E17-85C6-A02B69CFA90C}.Debug|ARM.ActiveCfg = Debug|ARM
		{847F0E37-6C74-4E17-85C6-A02B69CFA90C}.Debug|ARM.Build.0 = Debug|ARM
		{847F0E37-6C74-4E17-85C6-A02B69CFA90C}.Debug|ARM.Deploy.0 = Debug|ARM
		{847F0E37-6C74-4E17-85C6-A02B69CFA90C}.Debug|ARM64.ActiveCfg = Debug|ARM64
		{847F0E37-6C74-4E17-85C6-A02B69CFA90C}.Debug|ARM64.Build.0 = Debug|ARM64
		{847F0E37-6C74-4E17-85C6-A02B69CFA90C}.Debug|ARM64.Deploy.0 = Debug|ARM64
		{847F0E37-6C74-4E17-85C6-A02B69CFA90C}.Debug|x64.ActiveCfg = Debug|x64
		{847F0E37-6C74-4E17-85C6-A02B69CFA90C}.Debug|x64.Build.0 = Debug|x64
		{847F0E37-6C74-4E17-85C6-A02B69CFA90C}.Debug|x64.Deploy.0 = Debug|x64
		{847F0E37-6C74-4E17-85C6-A02B69CFA90C}.Debug|x86.ActiveCfg = Debug|x86
		{847F0E37-6C74-4E17-85C6-A02B69CFA90C}.Debug|x86.Build.0 = Debug|x86
		{847F0E37-6C74-4E17-85C6-A02B69CFA90C}.Debug|x86.Deploy.0 = Debug|x86
		{847F0E37-6C74-4E17-85C6-A02B69CFA90C}.Release|ARM.ActiveCfg = Release|ARM
		{847F0E37-6C74-4E17-85C6-A02B69CFA90C}.Release|ARM.Build.0 = Release|ARM
		{847F0E37-6C74-4E17-85C6-A02B69CFA90C}.Release|ARM.Deploy.0 = Release|ARM
		{847F0E37-6C74-4E17-85C6-A02B69CFA90C}.Release|ARM64.ActiveCfg = Release|ARM64
		{847F0E37-6C74-4E17-85C6-A02B69CFA90C}.Release|ARM64.Build.0 = Release|ARM64
		{847F0E37-6C74-4E17-85C6-A02B69CFA90C}.Release|ARM64.Deploy.0 = Release|ARM64
		{847F0E37-6C74-4E17-85C6-A02B69CFA90C}.Release|x64.ActiveCfg = Release|x64
		{847F0E37-6C74-4E17-85C6-A02B69CFA90C}.Release|x64.Build.0 = Release|x64
		{847F0E37-6C74-4E17-85C6-A02B69CFA90C}.Release|x64.Deploy.0 = Release|x64
		{847F0E37-6C74-4E17-85C6-A02B69CFA90C}.Release|x86.ActiveCfg = Release|x86
		{847F0E37-6C74-4E17-85C6-A02B69CFA90C}.Release|x86.Build.0 = Release|x86
		{847F0E37-6C74-4E17-85C6-A02B69CFA90C}.Release|x86.Deploy.0 = Release|x86
		{C28A9019-4014-43EA-AA9F-AE6B45469D8E}.Debug|ARM.ActiveCfg = Debug|ARM
		{C28A9019-4014-43EA-AA9F-AE6B45469D8E}.Debug|ARM.Build.0 = Debug|ARM
		{C28A9019-4014-43EA-AA9F-AE6B45469D8E}.Debug|ARM.Deploy.0 = Debug|ARM
		{C28A9019-4014-43EA-AA9F-AE6B45469D8E}.Debug|ARM64.ActiveCfg = Debug|ARM64
		{C28A9019-4014-43EA-AA9F-AE6B45469D8E}.Debug|ARM64.Build.0 = Debug|ARM64
		{C28A9019-4014-43EA-AA9F-AE6B45469D8E}.Debug|ARM64.Deploy.0 = Debug|ARM64
		{C28A9019-4014-43EA-AA9F-AE6B45469D8E}.Debug|x64.ActiveCfg = Debug|x64
		{C28A9019-4014-43EA-AA9F-AE6B45469D8E}.Debug|x64.Build.0 = Debug|x64
		{C28A9019-4014-43EA-AA9F-AE6B45469D8E}.Debug|x64.Deploy.0 = Debug|x64
		{C28A9019-4014-43EA-AA9F-AE6B45469D8E}.Debug|x86.ActiveCfg = Debug|x86
		{C28A9019-4014-43EA-AA9F-AE6B45469D8E}.Debug|x86.Build.0 = Debug|x86
		{C28A9019-4014-43EA-AA9F-AE6B45469D8E}.Debug|x86.Deploy.0 = Debug|x86
		{C28A9019-4014-43EA-AA9F-AE6B45469D8E}.Release|ARM.ActiveCfg = Release|ARM
		{C28A9019-4014-43EA-AA9F-AE6B45469D8E}.Release|ARM.Build.0 = Release|ARM
		{C28A9019-4014-43EA-AA9F-AE6B45469D8E}.Release|ARM.Deploy.0 = Release|ARM
		{C28A9019-4014-43EA-AA9F-AE6B45469D8E}.Release|ARM64.ActiveCfg = Release|ARM64
		{C28A9019-4014-43EA-AA9F-AE6B45469D8E}.Release|ARM64.Build.0 = Release|ARM64
		{C28A9019-4014-43EA-AA9F-AE6B45469D8E}.Release|ARM64.Deploy.0 = Release|ARM64
		{C28A9019-4014-43EA-AA9F-AE6B45469D8E}.Release|x64.ActiveCfg = Release|x64
		{C28A9019-4014-43EA-AA9F-AE6B45469D8E}.Release|x64.Build.0 = Release|x64
		{C28A9019-4014-43EA-AA9F-AE6B45469D8E}.Release|x64.Deploy.0 = Release|x64
		{C28A9019-4014-43EA-AA9F-AE6B45469D8E}.Release|x86.ActiveCfg = Release|x86
		{C28A9019-4014-43EA-AA9F-AE6B45469D8E}.Release|x86.Build.0 = Release|x86
		{C28A9019-4014-43EA-AA9F-AE6B45469D8E}.Release|x86.Deploy.0 = Release|x86
		{E578DA38-F662-4893-AA12-2EC7F141E35C}.Debug|ARM.ActiveCfg = Debug|ARM
		{E578DA38-F662-4893-AA12-2EC7F141E35C}.Debug|ARM.Build.0 = Debug|ARM
		{E578DA38-F662-4893-AA12-2EC7F141E35C}.Debug|ARM.Deploy.0 = Debug|ARM
		{E578DA38-F662-4893-AA12-2EC7F141E35C}.Debug|ARM64.ActiveCfg = Debug|ARM64
		{E578DA38-F662-4893-AA12-2EC7F141E35C}.Debug|ARM64.Build.0 = Debug|ARM64
		{E578DA38-F662-4893-AA12-2EC7F141E35C}.Debug|ARM64.Deploy.0 = Debug|ARM64
		{E578DA38-F662-4893-AA12-2EC7F141E35C}.Debug|x64.ActiveCfg = Debug|x64
		{E578DA38-F662-4893-AA12-2EC7F141E35C}.Debug|x64.Build.0 = Debug|x64
		{E578DA38-F662-4893-AA12-2EC7F141E35C}.Debug|x64.Deploy.0 = Debug|x64
		{E578DA38-F662-4893-AA12-2EC7F141E35C}.Debug|x86.ActiveCfg = Debug|x86
		{E578DA38-F662-4893-AA12-2EC7F141E35C}.Debug|x86.Build.0 = Debug|x86
		{E578DA38-F662-4893-AA12-2EC7F141E35C}.Debug|x86.Deploy.0 = Debug|x86
		{E578DA38-F662-4893-AA12-2EC7F141E35C}.Release|ARM.ActiveCfg = Release|ARM
		{E578DA38-F662-4893-AA12-2EC7F141E35C}.Release|ARM.Build.0 = Release|ARM
		{E578DA38-F662-4893-AA12-2EC7F141E35C}.Release|ARM.Deploy.0 = Release|ARM
		{E578DA38-F662-4893-AA12-2EC7F141E35C}.Release|ARM64.ActiveCfg = Release|ARM64
		{E578DA38-F662-4893-AA12-2EC7F141E35C}.Release|ARM64.Build.0 = Release|ARM64
		{E578DA38-F662-4893-AA12-2EC7F141E35C}.Release|ARM64.Deploy.0 = Release|ARM64
		{E578DA38-F662-4893-AA12-2EC7F141E35C}.Release|x64.ActiveCfg = Release|x64
		{E578DA38-F662-4893-AA12-2EC7F141E35C}.Release|x64.Build.0 = Release|x64
		{E578DA38-F662-4893-AA12-2EC7F141E35C}.Release|x64.Deploy.0 = Release|x64
		{E578DA38-F662-4893-AA12-2EC7F141E35C}.Release|x86.ActiveCfg = Release|x86
		{E578DA38-F662-4893-AA12-2EC7F141E35C}.Release|x86.Build.0 = Release|x86
		{E578DA38-F662-4893-AA12-2EC7F141E35C}.Release|x86.Deploy.0 = Release|x86
		{F7746D1D-1D81-438C-88EF-572CD87A6207}.Debug|ARM.ActiveCfg = Debug|ARM
		{F7746D1D-1D81-438C-88EF-572CD87A6207}.Debug|ARM.Build.0 = Debug|ARM
		{F7746D1D-1D81-438C-88EF-572CD87A6207}.Debug|ARM.Deploy.0 = Debug|ARM
		{F7746D1D-1D81-438C-88EF-572CD87A6207}.Debug|ARM64.ActiveCfg = Debug|ARM64
		{F7746D1D-1D81-438C-88EF-572CD87A6207}.Debug|ARM64.Build.0 = Debug|ARM64
		{F7746D1D-1D81-438C-88EF-572CD87A6207}.Debug|ARM64.Deploy.0 = Debug|ARM64
		{F7746D1D-1D81-438C-88EF-572CD87A6207}.Debug|x64.ActiveCfg = Debug|x64
		{F7746D1D-1D81-438C-88EF-572CD87A6207}.Debug|x64.Build.0 = Debug|x64
		{F7746D1D-1D81-438C-88EF-572CD87A6207}.Debug|x64.Deploy.0 = Debug|x64
		{F7746D1D-1D81-438C-88EF-572CD87A6207}.Debug|x86.ActiveCfg = Debug|x86
		{F7746D1D-1D81-438C-88EF-572CD87A6207}.Debug|x86.Build.0 = Debug|x86
		{F7746D1D-1D81-438C-88EF-572CD87A6207}.Debug|x86.Deploy.0 = Debug|x86
		{F7746D1D-1D81-438C-88EF-572CD87A6207}.Release|ARM.ActiveCfg = Release|ARM
		{F7746D1D-1D81-438C-88EF-572CD87A6207}.Release|ARM.Build.0 = Release|ARM
		{F7746D1D-1D81-438C-88EF-572CD87A6207}.Release|ARM.Deploy.0 = Release|ARM
		{F7746D1D-1D81-438C-88EF-572CD87A6207}.Release|ARM64.ActiveCfg = Release|ARM64
		{F7746D1D-1D81-438C-88EF-572CD87A6207}.Release|ARM64.Build.0 = Release|ARM64
		{F7746D1D-1D81-438C-88EF-572CD87A6207}.Release|ARM64.Deploy.0 = Release|ARM64
		{F7746D1D-1D81-438C-88EF-572CD87A6207}.Release|x64.ActiveCfg = Release|x64
		{F7746D1D-1D81-438C-88EF-572CD87A6207}.Release|x64.Build.0 = Release|x64
		{F7746D1D-1D81-438C-88EF-572CD87A6207}.Release|x64.Deploy.0 = Release|x64
		{F7746D1D-1D81-438C-88EF-572CD87A6207}.Release|x86.ActiveCfg = Release|x86
		{F7746D1D-1D81-438C-88EF-572CD87A6207}.Release|x86.Build.0 = Release|x86
		{F7746D1D-1D81-438C-88EF-572CD87A6207}.Release|x86.Deploy.0 = Release|x86
		{4AE9B880-B84B-47DD-8F5E-0731E3467ED8}.Debug|ARM.ActiveCfg = Debug|ARM
		{4AE9B880-B84B-47DD-8F5E-0731E3467ED8}.Debug|ARM.Build.0 = Debug|ARM
		{4AE9B880-B84B-47DD-8F5E-0731E3467ED8}.Debug|ARM.Deploy.0 = Debug|ARM
		{4AE9B880-B84B-47DD-8F5E-0731E3467ED8}.Debug|ARM64.ActiveCfg = Debug|ARM64
		{4AE9B880-B84B-47DD-8F5E-0731E3467ED8}.Debug|ARM64.Build.0 = Debug|ARM64
		{4AE9B880-B84B-47DD-8F5E-0731E3467ED8}.Debug|ARM64.Deploy.0 = Debug|ARM64
		{4AE9B880-B84B-47DD-8F5E-0731E3467ED8}.Debug|x64.ActiveCfg = Debug|x64
		{4AE9B880-B84B-47DD-8F5E-0731E3467ED8}.Debug|x64.Build.0 = Debug|x64
		{4AE9B880-B84B-47DD-8F5E-0731E3467ED8}.Debug|x64.Deploy.0 = Debug|x64
		{4AE9B880-B84B-47DD-8F5E-0731E3467ED8}.Debug|x86.ActiveCfg = Debug|x86
		{4AE9B880-B84B-47DD-8F5E-0731E3467ED8}.Debug|x86.Build.0 = Debug|x86
		{4AE9B880-B84B-47DD-8F5E-0731E3467ED8}.Debug|x86.Deploy.0 = Debug|x86
		{4AE9B880-B84B-47DD-8F5E-0731E3467ED8}.Release|ARM.ActiveCfg = Release|ARM
		{4AE9B880-B84B-47DD-8F5E-0731E3467ED8}.Release|ARM.Build.0 = Release|ARM
		{4AE9B880-B84B-47DD-8F5E-0731E3467ED8}.Release|ARM.Deploy.0 = Release|ARM
		{4AE9B880-B84B-47DD-8F5E-0731E3467ED8}.Release|ARM64.ActiveCfg = Release|ARM64
		{4AE9B880-B84B-47DD-8F5E-0731E3467ED8}.Release|ARM64.Build.0 = Release|ARM64
		{4AE9B880-B84B-47DD-8F5E-0731E3467ED8}.Release|ARM64.Deploy.0 = Release|ARM64
		{4AE9B880-B84B-47DD-8F5E-0731E3467ED8}.Release|x64.ActiveCfg = Release|x64
		{4AE9B880-B84B-47DD-8F5E-0731E3467ED8}.Release|x64.Build.0 = Release|x64
		{4AE9B880-B84B-47DD-8F5E-0731E3467ED8}.Release|x64.Deploy.0 = Release|x64
		{4AE9B880-B84B-47DD-8F5E-0731E3467ED8}.Release|x86.ActiveCfg = Release|x86
		{4AE9B880-B84B-47DD-8F5E-0731E3467ED8}.Release|x86.Build.0 = Release|x86
		{4AE9B880-B84B-47DD-8F5E-0731E3467ED8}.Release|x86.Deploy.0 = Release|x86
	EndGlobalSection
	GlobalSection(SolutionProperties) = preSolution
		HideSolutionNode = FALSE
	EndGlobalSection
	GlobalSection(ExtensibilityGlobals) = postSolution
		SolutionGuid = {C41C925F-8C6E-4A86-8336-9BB749DE5589}
	EndGlobalSection
EndGlobal
